
Microsoft Visual Studio Solution File, Format Version 12.00
# Visual Studio Version 16
VisualStudioVersion = 16.0.30717.126
MinimumVisualStudioVersion = 10.0.40219.1
Project("{FAE04EC0-301F-11D3-BF4B-00C04F79EFBC}") = "Corrector", "Corrector\Corrector.csproj", "{58AFE9DC-FC20-401D-B3C0-AE2A879B937C}"
EndProject
Global
	GlobalSection(SolutionConfigurationPlatforms) = preSolution
		Debug|Any CPU = Debug|Any CPU
		Release|Any CPU = Release|Any CPU
	EndGlobalSection
	GlobalSection(ProjectConfigurationPlatforms) = postSolution
		{58AFE9DC-FC20-401D-B3C0-AE2A879B937C}.Debug|Any CPU.ActiveCfg = Debug|Any CPU
		{58AFE9DC-FC20-401D-B3C0-AE2A879B937C}.Debug|Any CPU.Build.0 = Debug|Any CPU
		{58AFE9DC-FC20-401D-B3C0-AE2A879B937C}.Release|Any CPU.ActiveCfg = Release|Any CPU
		{58AFE9DC-FC20-401D-B3C0-AE2A879B937C}.Release|Any CPU.Build.0 = Release|Any CPU
	EndGlobalSection
	GlobalSection(SolutionProperties) = preSolution
		HideSolutionNode = FALSE
	EndGlobalSection
	GlobalSection(ExtensibilityGlobals) = postSolution
		SolutionGuid = {54F32019-D018-4805-B763-BDF94473A68F}
	EndGlobalSection
EndGlobal
